<?xml version="1.0" encoding="utf-8"?>
<Project ToolsVersion="4.0" xmlns="http://schemas.microsoft.com/developer/msbuild/2003">
  <ItemGroup>
    <ClCompile Include="main.cpp" />
    <ClCompile Include="stdafx.cpp" />
    <ClCompile Include="system\system.cpp" />
    <ClCompile Include="Source\Actor\Actor.cpp">
      <Filter>Source\Actor</Filter>
    </ClCompile>
    <ClCompile Include="Source\Actor\Character\Character.cpp">
      <Filter>Source\Actor\Character</Filter>
    </ClCompile>
    <ClCompile Include="Source\Actor\Stage\Stage.cpp">
      <Filter>Source\Actor\Stage</Filter>
    </ClCompile>
    <ClCompile Include="Source\Actor\Character\Player\Player.cpp">
      <Filter>Source\Actor\Character\Player</Filter>
    </ClCompile>
    <ClCompile Include="Source\Actor\Character\Cow\Cow.cpp">
      <Filter>Source\Actor\Character\Cow</Filter>
    </ClCompile>
    <ClCompile Include="Source\Actor\Character\UFO\UFO.cpp">
      <Filter>Source\Actor\Character\UFO</Filter>
    </ClCompile>
    <ClCompile Include="Transform\Transform.cpp">
      <Filter>Transform</Filter>
    </ClCompile>
    <ClCompile Include="SoundManager\SoundManager.cpp">
      <Filter>SoundManager</Filter>
    </ClCompile>
    <ClCompile Include="GameScene\GameClear.cpp">
      <Filter>GameScene</Filter>
    </ClCompile>
    <ClCompile Include="GameScene\GameOver.cpp">
      <Filter>GameScene</Filter>
    </ClCompile>
    <ClCompile Include="GameScene\Title.cpp">
      <Filter>GameScene</Filter>
    </ClCompile>
    <ClCompile Include="Pause\Pause.cpp">
      <Filter>Pause</Filter>
    </ClCompile>
    <ClCompile Include="Rope\Rope.cpp">
      <Filter>Rope</Filter>
    </ClCompile>
    <ClCompile Include="GameCamera\GameCamera.cpp">
      <Filter>GameCamera</Filter>
    </ClCompile>
    <ClCompile Include="GameTimer\Timer.cpp">
      <Filter>GameTimer</Filter>
    </ClCompile>
    <ClCompile Include="CountDown\CountDown.cpp">
      <Filter>CountDown</Filter>
    </ClCompile>
    <ClCompile Include="GameScene\Game.cpp">
      <Filter>GameScene</Filter>
    </ClCompile>
    <ClCompile Include="Pause\SoundPause.cpp">
      <Filter>Pause</Filter>
    </ClCompile>
    <ClCompile Include="CowNumberOfRescues\CowNumberOfRescues.cpp">
      <Filter>CowNumberOfRescues</Filter>
    </ClCompile>
    <ClCompile Include="Score\Score.cpp">
      <Filter>Score</Filter>
    </ClCompile>
    <ClCompile Include="Map\Map.cpp">
      <Filter>Map</Filter>
    </ClCompile>
    <ClCompile Include="Combo\Combo.cpp">
      <Filter>Combo</Filter>
    </ClCompile>
    <ClCompile Include="GameTimer\AddTimerUI.cpp">
      <Filter>GameTimer</Filter>
    </ClCompile>
    <ClCompile Include="Source\Actor\Character\Cow\DummyCow.cpp">
      <Filter>Source\Actor\Character\Cow</Filter>
    </ClCompile>
    <ClCompile Include="Source\Actor\Character\UFO\UFOLightUI.cpp">
      <Filter>Source\Actor\Character\UFO</Filter>
    </ClCompile>
    <ClCompile Include="Source\Actor\Stage\CowFood.cpp" />
    <ClCompile Include="Source\Actor\Character\Cow\CowLuring.cpp" />
    <ClCompile Include="Source\Actor\Character\UFO\CowCaptureController.cpp">
      <Filter>Source\Actor\Character\UFO</Filter>
    </ClCompile>
    <ClCompile Include="EffectManager\EffectManager.cpp">
      <Filter>EffectManager</Filter>
    </ClCompile>
    <ClCompile Include="Source\Actor\Character\UFO\UFOLightManager.cpp">
      <Filter>Source\Actor\Character\UFO</Filter>
    </ClCompile>
    <ClCompile Include="Source\Actor\Stage\CowFoodManager.cpp" />
    <ClCompile Include="FadeManager\FadeManager.cpp">
      <Filter>FadeMaager</Filter>
    </ClCompile>
    <ClCompile Include="GameScene\LoadingScene.cpp">
      <Filter>GameScene</Filter>
    </ClCompile>
    <ClCompile Include="Source\Actor\Character\Cow\CowShrinkHay.cpp" />
    <ClCompile Include="Aiming\Aiming.cpp" />
    <ClCompile Include="SoundManager\VoiceManager.cpp" />
    <ClCompile Include="InstructionControllerUI\InstructionControllerUI.cpp" />
    <ClCompile Include="GameTimer\DecreaseTimerUI.cpp">
      <Filter>GameTimer</Filter>
    </ClCompile>
  </ItemGroup>
  <ItemGroup>
    <ClInclude Include="resource.h" />
    <ClInclude Include="stdafx.h" />
    <ClInclude Include="system\system.h" />
    <ClInclude Include="Source\Actor\Actor.h">
      <Filter>Source\Actor</Filter>
    </ClInclude>
    <ClInclude Include="Source\Actor\Character\Character.h">
      <Filter>Source\Actor\Character</Filter>
    </ClInclude>
    <ClInclude Include="Source\Actor\Stage\Stage.h">
      <Filter>Source\Actor\Stage</Filter>
    </ClInclude>
    <ClInclude Include="Source\Actor\Character\Player\Player.h">
      <Filter>Source\Actor\Character\Player</Filter>
    </ClInclude>
    <ClInclude Include="Source\Actor\Character\Cow\Cow.h">
      <Filter>Source\Actor\Character\Cow</Filter>
    </ClInclude>
    <ClInclude Include="Source\Actor\Character\UFO\UFO.h">
      <Filter>Source\Actor\Character\UFO</Filter>
    </ClInclude>
    <ClInclude Include="Transform\Transform.h">
      <Filter>Transform</Filter>
    </ClInclude>
    <ClInclude Include="SoundManager\SoundManager.h">
      <Filter>SoundManager</Filter>
    </ClInclude>
    <ClInclude Include="GameScene\GameClear.h">
      <Filter>GameScene</Filter>
    </ClInclude>
    <ClInclude Include="GameScene\GameOver.h">
      <Filter>GameScene</Filter>
    </ClInclude>
    <ClInclude Include="GameScene\Title.h">
      <Filter>GameScene</Filter>
    </ClInclude>
    <ClInclude Include="Pause\Pause.h">
      <Filter>Pause</Filter>
    </ClInclude>
    <ClInclude Include="Rope\Rope.h">
      <Filter>Rope</Filter>
    </ClInclude>
    <ClInclude Include="GameCamera\GameCamera.h">
      <Filter>GameCamera</Filter>
    </ClInclude>
    <ClInclude Include="CountDown\CountDown.h">
      <Filter>CountDown</Filter>
    </ClInclude>
    <ClInclude Include="GameScene\Game.h">
      <Filter>GameScene</Filter>
    </ClInclude>
    <ClInclude Include="Pause\SoundPause.h">
      <Filter>Pause</Filter>
    </ClInclude>
    <ClInclude Include="CowNumberOfRescues\CowNumberOfRescues.h">
      <Filter>CowNumberOfRescues</Filter>
    </ClInclude>
    <ClInclude Include="Score\Score.h">
      <Filter>Score</Filter>
    </ClInclude>
    <ClInclude Include="Map\Map.h">
      <Filter>Map</Filter>
    </ClInclude>
    <ClInclude Include="GameScene\LoadingScene.h">
      <Filter>GameScene</Filter>
    </ClInclude>
    <ClInclude Include="Combo\Combo.h">
      <Filter>Combo</Filter>
    </ClInclude>
    <ClInclude Include="GameTimer\AddTimerUI.h">
      <Filter>GameTimer</Filter>
    </ClInclude>
    <ClInclude Include="Source\Actor\Character\Cow\DummyCow.h">
      <Filter>Source\Actor\Character\Cow</Filter>
    </ClInclude>
    <ClInclude Include="Source\Actor\Character\UFO\UFOLightUI.h">
      <Filter>Source\Actor\Character\UFO</Filter>
    </ClInclude>
    <ClInclude Include="Source\Actor\Stage\CowFood.h" />
    <ClInclude Include="Source\Actor\Character\Cow\CowLuring.h" />
    <ClInclude Include="Source\Actor\Character\UFO\CowCaptureController.h">
      <Filter>Source\Actor\Character\UFO</Filter>
    </ClInclude>
    <ClInclude Include="EffectManager\EffectManager.h">
      <Filter>EffectManager</Filter>
    </ClInclude>
    <ClInclude Include="Source\Actor\Character\UFO\UFOLightManager.h">
      <Filter>Source\Actor\Character\UFO</Filter>
    </ClInclude>
    <ClInclude Include="Source\Actor\Stage\CowFoodManager.h" />
    <ClInclude Include="GameTimer\Timer.h">
      <Filter>GameTimer</Filter>
    </ClInclude>
    <ClInclude Include="FadeManager\FadeManager.h">
      <Filter>FadeMaager</Filter>
    </ClInclude>
    <ClInclude Include="Source\Actor\Character\Cow\CowShrinkHay.h" />
    <ClInclude Include="Aiming\Aiming.h" />
    <ClInclude Include="SoundManager\VoiceManager.h" />
    <ClInclude Include="InstructionControllerUI\InstructionControllerUI.h" />
    <ClInclude Include="GameTimer\DecreaseTimerUI.h">
      <Filter>GameTimer</Filter>
    </ClInclude>
  </ItemGroup>
  <ItemGroup>
    <ResourceCompile Include="Game.rc" />
  </ItemGroup>
  <ItemGroup>
    <Filter Include="Source">
      <UniqueIdentifier>{ead204cf-4c6c-4298-959f-e56cd5cb3c3e}</UniqueIdentifier>
    </Filter>
    <Filter Include="Source\Actor">
      <UniqueIdentifier>{2daf5c04-3d79-4086-a363-7b8be75c613b}</UniqueIdentifier>
    </Filter>
    <Filter Include="Source\Actor\Character">
      <UniqueIdentifier>{f2b9cfac-6ad7-482c-9252-ccd754488c53}</UniqueIdentifier>
    </Filter>
    <Filter Include="Source\Actor\Stage">
      <UniqueIdentifier>{a0727671-2661-411e-96f6-338c0e2f508a}</UniqueIdentifier>
    </Filter>
    <Filter Include="Source\Actor\Character\Player">
      <UniqueIdentifier>{eeb8fcb7-90a9-4b27-8068-802a19441b4f}</UniqueIdentifier>
    </Filter>
    <Filter Include="Source\Actor\Character\Cow">
      <UniqueIdentifier>{c57cc73c-6c52-4d5c-9ce6-1edbc4e541fe}</UniqueIdentifier>
    </Filter>
    <Filter Include="Source\Actor\Character\UFO">
      <UniqueIdentifier>{1f85aff7-f760-4d88-9aaf-024e4c9eb631}</UniqueIdentifier>
    </Filter>
    <Filter Include="Transform">
      <UniqueIdentifier>{32375617-6201-4a93-80a8-7eaeb40c78f4}</UniqueIdentifier>
    </Filter>
    <Filter Include="SoundManager">
      <UniqueIdentifier>{60bcdaa8-72eb-456b-b880-07925bedc356}</UniqueIdentifier>
    </Filter>
    <Filter Include="Pause">
      <UniqueIdentifier>{9b7ac956-103b-4fea-99ef-bf67e72cb95b}</UniqueIdentifier>
    </Filter>
    <Filter Include="Rope">
      <UniqueIdentifier>{22315c8b-b607-4a6c-8220-b04e4db73ad0}</UniqueIdentifier>
    </Filter>
    <Filter Include="GameScene">
      <UniqueIdentifier>{f7dfd5dd-70bb-4ce6-81bd-b19666f7d75d}</UniqueIdentifier>
    </Filter>
    <Filter Include="GameCamera">
      <UniqueIdentifier>{daa18332-782d-4127-b90b-27e0077039dc}</UniqueIdentifier>
    </Filter>
    <Filter Include="GameTimer">
      <UniqueIdentifier>{cd2fcda1-3307-45a1-9671-15738559b2db}</UniqueIdentifier>
    </Filter>
    <Filter Include="CountDown">
      <UniqueIdentifier>{33aae1c8-b7b9-43cb-baba-04f99cdb856d}</UniqueIdentifier>
    </Filter>
    <Filter Include="CowNumberOfRescues">
      <UniqueIdentifier>{72968903-b3bc-4aa0-ba0d-1de545a786bc}</UniqueIdentifier>
    </Filter>
    <Filter Include="Score">
      <UniqueIdentifier>{9b3de319-b501-4fc4-969d-59f2fb8fb033}</UniqueIdentifier>
    </Filter>
    <Filter Include="Map">
      <UniqueIdentifier>{657db36e-fb3d-4266-8ae6-77954b3f0fa0}</UniqueIdentifier>
    </Filter>
    <Filter Include="Combo">
      <UniqueIdentifier>{5fe4c3cf-5149-4f68-9ebc-f602307340e5}</UniqueIdentifier>
    </Filter>
    <Filter Include="EffectManager">
      <UniqueIdentifier>{f8524da2-c7d8-4f71-ac89-094ca5a29087}</UniqueIdentifier>
    </Filter>
    <Filter Include="FadeMaager">
      <UniqueIdentifier>{ea922d3b-8d8c-483a-a7a2-142be959ff57}</UniqueIdentifier>
    </Filter>
  </ItemGroup>
</Project>