<?xml version="1.0" encoding="utf-8"?>
<Project ToolsVersion="4.0" xmlns="http://schemas.microsoft.com/developer/msbuild/2003">
  <ItemGroup>
    <Filter Include="system">
      <UniqueIdentifier>{22dd8095-74f9-46df-81a1-36675a040b1f}</UniqueIdentifier>
    </Filter>
    <Filter Include="Source">
      <UniqueIdentifier>{3561e5c1-c23a-4cb9-906f-50f5e8c51c78}</UniqueIdentifier>
    </Filter>
    <Filter Include="Transform">
      <UniqueIdentifier>{9cd3fd9d-5019-46e5-8792-50edad12c09b}</UniqueIdentifier>
    </Filter>
    <Filter Include="Source\Actor">
      <UniqueIdentifier>{718810f5-4856-4cc2-a9e8-c0e0ed2ecc5d}</UniqueIdentifier>
    </Filter>
    <Filter Include="Source\Actor\Stage">
      <UniqueIdentifier>{6d455280-2f08-4607-b672-a170a48f6e84}</UniqueIdentifier>
    </Filter>
    <Filter Include="Source\Actor\Character">
      <UniqueIdentifier>{f5cea8a6-dbbf-4730-92b5-f667445b5f1b}</UniqueIdentifier>
    </Filter>
    <Filter Include="Source\Actor\Character\Player">
      <UniqueIdentifier>{28556f4f-6c35-40f4-ba62-fb7ba9f802f0}</UniqueIdentifier>
    </Filter>
    <Filter Include="Source\Actor\Character\Cow">
      <UniqueIdentifier>{571807ca-c35d-4135-9889-36572330dc78}</UniqueIdentifier>
    </Filter>
    <Filter Include="Source\Actor\Character\UFO">
      <UniqueIdentifier>{c8906236-0434-4dd1-8ac5-c515c166684c}</UniqueIdentifier>
    </Filter>
    <Filter Include="Rope">
      <UniqueIdentifier>{93adfd69-718c-4922-b9e1-3c859f1ff178}</UniqueIdentifier>
    </Filter>
    <Filter Include="GameCamera">
      <UniqueIdentifier>{1c520623-f6d1-4952-a849-848fc215458d}</UniqueIdentifier>
    </Filter>
    <Filter Include="GameScene">
      <UniqueIdentifier>{dd7d0629-2022-4565-b543-a57b8c11c919}</UniqueIdentifier>
    </Filter>
    <Filter Include="GameTimer">
      <UniqueIdentifier>{7e4f609d-5a19-4688-a3cf-fd0ef53b854d}</UniqueIdentifier>
    </Filter>
  </ItemGroup>
  <ItemGroup>
    <ClCompile Include="stdafx.cpp" />
    <ClCompile Include="main.cpp" />
    <ClCompile Include="system\system.cpp">
      <Filter>system</Filter>
    </ClCompile>
    <ClCompile Include="Transform\Transform.cpp">
      <Filter>Transform</Filter>
    </ClCompile>
    <ClCompile Include="Source\Actor\Actor.cpp">
      <Filter>Source\Actor</Filter>
    </ClCompile>
    <ClCompile Include="Source\Actor\Stage\Stage.cpp">
      <Filter>Source\Actor\Stage</Filter>
    </ClCompile>
    <ClCompile Include="Source\Actor\Character\Character.cpp">
      <Filter>Source\Actor\Character</Filter>
    </ClCompile>
    <ClCompile Include="Source\Actor\Character\Player\Player.cpp">
      <Filter>Source\Actor\Character\Player</Filter>
    </ClCompile>
    <ClCompile Include="Source\Actor\Character\Cow\Cow.cpp">
      <Filter>Source\Actor\Character\Cow</Filter>
    </ClCompile>
    <ClCompile Include="Source\Actor\Character\UFO\UFO.cpp">
      <Filter>Source\Actor\Character\UFO</Filter>
    </ClCompile>
    <ClCompile Include="Rope\Rope.cpp">
      <Filter>Rope</Filter>
    </ClCompile>
    <ClCompile Include="GameCamera\GameCamera.cpp">
      <Filter>GameCamera</Filter>
    </ClCompile>
    <ClCompile Include="GameScene\GameOver.cpp">
      <Filter>GameScene</Filter>
    </ClCompile>
    <ClCompile Include="GameScene\Title.cpp">
      <Filter>GameScene</Filter>
    </ClCompile>
    <ClCompile Include="GameScene\GameClear.cpp">
      <Filter>GameScene</Filter>
    </ClCompile>
    <ClCompile Include="GameScene\Game.cpp">
      <Filter>GameScene</Filter>
    </ClCompile>
    <ClCompile Include="GameTimer\Timer.cpp">
      <Filter>GameTimer</Filter>
    </ClCompile>
  </ItemGroup>
  <ItemGroup>
    <ClInclude Include="system\system.h">
      <Filter>system</Filter>
    </ClInclude>
    <ClInclude Include="Transform\Transform.h">
      <Filter>Transform</Filter>
    </ClInclude>
    <ClInclude Include="Source\Actor\Actor.h">
      <Filter>Source\Actor</Filter>
    </ClInclude>
    <ClInclude Include="Source\Actor\Stage\Stage.h">
      <Filter>Source\Actor\Stage</Filter>
    </ClInclude>
    <ClInclude Include="Source\Actor\Character\Character.h">
      <Filter>Source\Actor\Character</Filter>
    </ClInclude>
    <ClInclude Include="Source\Actor\Character\Player\Player.h">
      <Filter>Source\Actor\Character\Player</Filter>
    </ClInclude>
    <ClInclude Include="Source\Actor\Character\Cow\Cow.h">
      <Filter>Source\Actor\Character\Cow</Filter>
    </ClInclude>
    <ClInclude Include="stdafx.h" />
    <ClInclude Include="Source\Actor\Character\UFO\UFO.h">
      <Filter>Source\Actor\Character\UFO</Filter>
    </ClInclude>
    <ClInclude Include="resource.h" />
    <ClInclude Include="Rope\Rope.h">
      <Filter>Rope</Filter>
    </ClInclude>
    <ClInclude Include="GameCamera\GameCamera.h">
      <Filter>GameCamera</Filter>
    </ClInclude>
    <ClInclude Include="GameScene\GameClear.h">
      <Filter>GameScene</Filter>
    </ClInclude>
    <ClInclude Include="GameScene\GameOver.h">
      <Filter>GameScene</Filter>
    </ClInclude>
    <ClInclude Include="GameScene\Title.h">
      <Filter>GameScene</Filter>
    </ClInclude>
    <ClInclude Include="GameScene\Game.h">
      <Filter>GameScene</Filter>
    </ClInclude>
    <ClInclude Include="GameTimer\Timer.h">
      <Filter>GameTimer</Filter>
    </ClInclude>
  </ItemGroup>
  <ItemGroup>
    <ResourceCompile Include="Game.rc" />
  </ItemGroup>
</Project>